<?xml version="1.0" encoding="utf-8"?>
<Project ToolsVersion="4.0" xmlns="http://schemas.microsoft.com/developer/msbuild/2003">
  <ItemGroup>
    <Filter Include="源文件">
      <UniqueIdentifier>{4FC737F1-C7A5-4376-A066-2A32D752A2FF}</UniqueIdentifier>
      <Extensions>cpp;c;cc;cxx;def;odl;idl;hpj;bat;asm;asmx</Extensions>
    </Filter>
    <Filter Include="头文件">
      <UniqueIdentifier>{93995380-89BD-4b04-88EB-625FBE52EBFB}</UniqueIdentifier>
      <Extensions>h;hh;hpp;hxx;hm;inl;inc;xsd</Extensions>
    </Filter>
    <Filter Include="资源文件">
      <UniqueIdentifier>{67DA6AB6-F800-4c08-8B7A-83BB121AAD01}</UniqueIdentifier>
      <Extensions>rc;ico;cur;bmp;dlg;rc2;rct;bin;rgs;gif;jpg;jpeg;jpe;resx;tiff;tif;png;wav;mfcribbon-ms</Extensions>
    </Filter>
  </ItemGroup>
  <ItemGroup>
    <ClCompile Include="二级指针.cpp">
      <Filter>源文件</Filter>
    </ClCompile>
    <ClCompile Include="数组指针.cpp">
      <Filter>源文件</Filter>
    </ClCompile>
    <ClCompile Include="函数指针.cpp">
      <Filter>源文件</Filter>
    </ClCompile>
    <ClCompile Include="函数指针1.cpp">
      <Filter>源文件</Filter>
    </ClCompile>
    <ClCompile Include="字符串.cpp">
      <Filter>源文件</Filter>
    </ClCompile>
    <ClCompile Include="字符l串与生成随机数.cpp">
      <Filter>源文件</Filter>
    </ClCompile>
    <ClCompile Include="内存开辟.cpp">
      <Filter>源文件</Filter>
    </ClCompile>
    <ClCompile Include="动态内存开辟.cpp">
      <Filter>源文件</Filter>
    </ClCompile>
    <ClCompile Include="动态开辟内存实用.cpp">
      <Filter>源文件</Filter>
    </ClCompile>
    <ClCompile Include="内存大小修改.cpp">
      <Filter>源文件</Filter>
    </ClCompile>
    <ClCompile Include="字符串1.cpp">
      <Filter>源文件</Filter>
    </ClCompile>
    <ClCompile Include="字符串操作.cpp">
      <Filter>源文件</Filter>
    </ClCompile>
    <ClCompile Include="结构体.cpp">
      <Filter>源文件</Filter>
    </ClCompile>
    <ClCompile Include="结构体嵌套.cpp">
      <Filter>源文件</Filter>
    </ClCompile>
    <ClCompile Include="结构指针.cpp">
      <Filter>源文件</Filter>
    </ClCompile>
    <ClCompile Include="结构体数组.cpp">
      <Filter>源文件</Filter>
    </ClCompile>
    <ClCompile Include="结构体长度.cpp">
      <Filter>源文件</Filter>
    </ClCompile>
    <ClCompile Include="结构体长度结算.cpp">
      <Filter>源文件</Filter>
    </ClCompile>
    <ClCompile Include="结构体别名.cpp">
      <Filter>源文件</Filter>
    </ClCompile>
    <ClCompile Include="联和体.cpp">
      <Filter>源文件</Filter>
    </ClCompile>
    <ClCompile Include="枚举的使用.cpp">
      <Filter>源文件</Filter>
    </ClCompile>
    <ClCompile Include="文件操作.cpp">
      <Filter>源文件</Filter>
    </ClCompile>
    <ClCompile Include="文件写入.cpp">
      <Filter>源文件</Filter>
    </ClCompile>
    <ClCompile Include="文件复制.cpp">
      <Filter>源文件</Filter>
    </ClCompile>
    <ClCompile Include="获取文件的大小.cpp">
      <Filter>源文件</Filter>
    </ClCompile>
    <ClCompile Include="文件的加密.cpp">
      <Filter>源文件</Filter>
    </ClCompile>
  </ItemGroup>
</Project>